// This lockfile was autogenerated by Pants. To regenerate, run:
//
//    ./pants generate-lockfiles --resolve=resolve_a
//
// --- BEGIN PANTS LOCKFILE METADATA: DO NOT EDIT OR REMOVE ---
// {
//   "version": 3,
//   "valid_for_interpreter_constraints": [
//     "CPython>=3.9.*"
//   ],
//   "generated_with_requirements": [
//     "pandas<1.5"
//   ],
//   "manylinux": "manylinux2014",
//   "requirement_constraints": [],
//   "only_binary": [],
//   "no_binary": []
// }
// --- END PANTS LOCKFILE METADATA ---

{
  "allow_builds": true,
  "allow_prereleases": false,
  "allow_wheels": true,
  "build_isolation": true,
  "constraints": [],
  "locked_resolves": [
    {
      "locked_requirements": [
        {
          "artifacts": [
            {
              "algorithm": "sha256",
              "hash": "f64bb98ac59b3ea3bf74b02f13836eb2e24e48e0ab0145bbda646295769bd780",
              "url": "https://files.pythonhosted.org/packages/f4/f4/45e6e3f7a23b9023554903a122c95585e9787f9403d386bafb7a95d24c9b/numpy-1.24.2-cp39-cp39-manylinux_2_17_x86_64.manylinux2014_x86_64.whl"
            },
            {
              "algorithm": "sha256",
              "hash": "4173bde9fa2a005c2c6e2ea8ac1618e2ed2c1c6ec8a7657237854d42094123a0",
              "url": "https://files.pythonhosted.org/packages/01/04/a8b0bb5ffd6b36cb9ff9b67ca6966d55c4a9fdb40ace81a2b33d1559c3b7/numpy-1.24.2-cp311-cp311-macosx_11_0_arm64.whl"
            },
            {
              "algorithm": "sha256",
              "hash": "7de8fdde0003f4294655aa5d5f0a89c26b9f22c0a58790c38fae1ed392d44a5a",
              "url": "https://files.pythonhosted.org/packages/1b/a7/9582b169194a05642fcd05026b2e55fa7539230bfc28de7e13f116b0cd0b/numpy-1.24.2-cp311-cp311-macosx_10_9_x86_64.whl"
            },
            {
              "algorithm": "sha256",
              "hash": "6524630f71631be2dabe0c541e7675db82651eb998496bbe16bc4f77f0772253",
              "url": "https://files.pythonhosted.org/packages/34/dc/7470dde137734e311c5203d0a5854e03da12d7bef60784937efcbb1f8c08/numpy-1.24.2-cp310-cp310-manylinux_2_17_aarch64.manylinux2014_aarch64.whl"
            },
            {
              "algorithm": "sha256",
              "hash": "adbdce121896fd3a17a77ab0b0b5eedf05a9834a18699db6829a64e1dfccca7f",
              "url": "https://files.pythonhosted.org/packages/38/77/b0afa98a670cb255f15155a856ef257a82aa0b72e435f5f58da31d9dc944/numpy-1.24.2-cp39-cp39-macosx_11_0_arm64.whl"
            },
            {
              "algorithm": "sha256",
              "hash": "eef70b4fc1e872ebddc38cddacc87c19a3709c0e3e5d20bf3954c147b1dd941d",
              "url": "https://files.pythonhosted.org/packages/39/fd/217e9bf573f710827416e1e6f56a6355b90c2ce7fbf8b83d5729d5b2e0b6/numpy-1.24.2-cp310-cp310-macosx_10_9_x86_64.whl"
            },
            {
              "algorithm": "sha256",
              "hash": "4cecaed30dc14123020f77b03601559fff3e6cd0c048f8b5289f4eeabb0eb281",
              "url": "https://files.pythonhosted.org/packages/8b/1a/34ba69424c19e4c3bd5d393d58ec5b8ff85711e77209a2d43563bf7fb178/numpy-1.24.2-cp311-cp311-manylinux_2_17_aarch64.manylinux2014_aarch64.whl"
            },
            {
              "algorithm": "sha256",
              "hash": "e8d2859428712785e8a8b7d2b3ef0a1d1565892367b32f915c4a4df44d0e64f5",
              "url": "https://files.pythonhosted.org/packages/8e/32/2bd17fccc5decf3b904888f4f86b89e367a009273c665cbbbbfe515b43df/numpy-1.24.2-cp310-cp310-macosx_11_0_arm64.whl"
            },
            {
              "algorithm": "sha256",
              "hash": "9a23f8440561a633204a67fb44617ce2a299beecf3295f0d13c495518908e910",
              "url": "https://files.pythonhosted.org/packages/b6/d7/b208a4a534732e4a978003768ac7b8c14fcd4ca5b1653ce4fb4c2826f3a4/numpy-1.24.2-cp311-cp311-manylinux_2_17_x86_64.manylinux2014_x86_64.whl"
            },
            {
              "algorithm": "sha256",
              "hash": "889b2cc88b837d86eda1b17008ebeb679d82875022200c6e8e4ce6cf549b7acb",
              "url": "https://files.pythonhosted.org/packages/ba/2b/404f675b848033b23d688e5bdc55ec1d62b62f5568dda7f80edb147b637e/numpy-1.24.2-cp39-cp39-manylinux_2_17_aarch64.manylinux2014_aarch64.whl"
            },
            {
              "algorithm": "sha256",
              "hash": "a51725a815a6188c662fb66fb32077709a9ca38053f0274640293a14fdd22978",
              "url": "https://files.pythonhosted.org/packages/c5/21/275cfa7731ee2e121b1bf85ddb21b8712fe2f409f02a8b61521af6e4993d/numpy-1.24.2-cp310-cp310-manylinux_2_17_x86_64.manylinux2014_x86_64.whl"
            },
            {
              "algorithm": "sha256",
              "hash": "4199e7cfc307a778f72d293372736223e39ec9ac096ff0a2e64853b866a8e18a",
              "url": "https://files.pythonhosted.org/packages/ca/e0/f719500114ec3d291718ddbb1bfc3d1db7f9adb17b5c69aa617fe95c17fc/numpy-1.24.2-cp39-cp39-macosx_10_9_x86_64.whl"
            },
            {
              "algorithm": "sha256",
              "hash": "003a9f530e880cb2cd177cba1af7220b9aa42def9c4afc2a2fc3ee6be7eb2b22",
              "url": "https://files.pythonhosted.org/packages/e4/a9/6704bb5e1d1d778d3a6ee1278a8d8134f0db160e09d52863a24edb58eab5/numpy-1.24.2.tar.gz"
            }
          ],
          "project_name": "numpy",
          "requires_dists": [],
          "requires_python": ">=3.8",
          "version": "1.24.2"
        },
        {
          "artifacts": [
            {
              "algorithm": "sha256",
              "hash": "a981cfabf51c318a562deb4ae7deec594c07aee7cf18b4594a92c23718ec8275",
              "url": "https://files.pythonhosted.org/packages/91/2e/f2e84148e71dda670b310f1f7b9a220181e5dc1fe2f9dcf6a8632412bf4e/pandas-1.4.4-cp39-cp39-manylinux_2_17_x86_64.manylinux2014_x86_64.whl"
            },
            {
              "algorithm": "sha256",
              "hash": "94f2ed1fd51e545ebf71da1e942fe1822ee01e10d3dd2a7276d01351333b7c6b",
              "url": "https://files.pythonhosted.org/packages/0f/29/b1b0e546affca223467bde08f000c3163a17d80982c0271151ad0a7af3c8/pandas-1.4.4-cp310-cp310-macosx_11_0_arm64.whl"
            },
            {
              "algorithm": "sha256",
              "hash": "ab6c0d738617b675183e5f28db32b5148b694ad9bba0a40c3ea26d96b431db67",
              "url": "https://files.pythonhosted.org/packages/1a/3f/bba4f9e41fff332415cdb08063b78a53c813aba1ac02887944657bb30911/pandas-1.4.4.tar.gz"
            },
            {
              "algorithm": "sha256",
              "hash": "a08ceb59db499864c58a9bf85ab6219d527d91f14c0240cc25fa2c261032b2a7",
              "url": "https://files.pythonhosted.org/packages/3a/a6/7a9dac6b8c5cb9b3318fdd5b1c886c04f6db6c7b35a0c0587f677b172b05/pandas-1.4.4-cp39-cp39-macosx_10_9_universal2.whl"
            },
            {
              "algorithm": "sha256",
              "hash": "9d2a7a3c1fea668d56bd91edbd5f2732e0af8feb9d2bf8d9bfacb2dea5fa9536",
              "url": "https://files.pythonhosted.org/packages/3f/ea/c80181902a2c9c15f796a0c729ca730052c5d95bfdc3689ad477e15f75d1/pandas-1.4.4-cp39-cp39-manylinux_2_17_aarch64.manylinux2014_aarch64.whl"
            },
            {
              "algorithm": "sha256",
              "hash": "d0022fe6a313df1c4869b5edc012d734c6519a6fffa3cf70930f32e6a1078e49",
              "url": "https://files.pythonhosted.org/packages/48/0c/a1a3a8b3e3b70c5387dea1cafbc94f7ca7d0d6aa1895babcc2be738cfab9/pandas-1.4.4-cp310-cp310-manylinux_2_17_x86_64.manylinux2014_x86_64.whl"
            },
            {
              "algorithm": "sha256",
              "hash": "87b4194f344dcd14c0f885cecb22005329b38bda10f1aaf7b9596a00ec8a4768",
              "url": "https://files.pythonhosted.org/packages/83/3e/713d296a014a42fa620f0050a88588442d926a38db1d48356fe2706c8cb2/pandas-1.4.4-cp39-cp39-macosx_11_0_arm64.whl"
            },
            {
              "algorithm": "sha256",
              "hash": "4591cadd06fbbbd16fafc2de6e840c1aaefeae3d5864b688004777ef1bbdede3",
              "url": "https://files.pythonhosted.org/packages/91/05/fabf02eeefe2898cee60289963271f627175600abc6ab913c0c60c4a7f68/pandas-1.4.4-cp310-cp310-manylinux_2_17_aarch64.manylinux2014_aarch64.whl"
            },
            {
              "algorithm": "sha256",
              "hash": "0959c41004e3d2d16f39c828d6da66ebee329836a7ecee49fb777ac9ad8a7501",
              "url": "https://files.pythonhosted.org/packages/b9/98/2ce4d98f8640df08d4bb6eda0603602416798531f1a5652caadff9930a77/pandas-1.4.4-cp39-cp39-macosx_10_9_x86_64.whl"
            },
            {
              "algorithm": "sha256",
              "hash": "799e6a25932df7e6b1f8dabf63de064e2205dc309abb75956126a0453fd88e97",
              "url": "https://files.pythonhosted.org/packages/bf/e6/2ad11b8e7d9e294a1b18ae77d12a8d5c04a09ddf9b3b531decf91c997e6a/pandas-1.4.4-cp310-cp310-macosx_10_9_universal2.whl"
            },
            {
              "algorithm": "sha256",
              "hash": "7cd1d69a387f7d5e1a5a06a87574d9ef2433847c0e78113ab51c84d3a8bcaeaa",
              "url": "https://files.pythonhosted.org/packages/d7/14/8ff04ffc7b3839e388b974ede2b1e81919164d86ce20a6f0196213645bfe/pandas-1.4.4-cp310-cp310-macosx_10_9_x86_64.whl"
            }
          ],
          "project_name": "pandas",
          "requires_dists": [
            "hypothesis>=5.5.3; extra == \"test\"",
            "numpy>=1.18.5; platform_machine != \"aarch64\" and platform_machine != \"arm64\" and python_version < \"3.10\"",
            "numpy>=1.19.2; platform_machine == \"aarch64\" and python_version < \"3.10\"",
            "numpy>=1.20.0; platform_machine == \"arm64\" and python_version < \"3.10\"",
            "numpy>=1.21.0; python_version >= \"3.10\"",
            "pytest-xdist>=1.31; extra == \"test\"",
            "pytest>=6.0; extra == \"test\"",
            "python-dateutil>=2.8.1",
            "pytz>=2020.1"
          ],
          "requires_python": ">=3.8",
          "version": "1.4.4"
        },
        {
          "artifacts": [
            {
              "algorithm": "sha256",
              "hash": "961d03dc3453ebbc59dbdea9e4e11c5651520a876d0f4db161e8674aae935da9",
              "url": "https://files.pythonhosted.org/packages/36/7a/87837f39d0296e723bb9b62bbb257d0355c7f6128853c78955f57342a56d/python_dateutil-2.8.2-py2.py3-none-any.whl"
            },
            {
              "algorithm": "sha256",
              "hash": "0123cacc1627ae19ddf3c27a5de5bd67ee4586fbdd6440d9748f8abb483d3e86",
              "url": "https://files.pythonhosted.org/packages/4c/c4/13b4776ea2d76c115c1d1b84579f3764ee6d57204f6be27119f13a61d0a9/python-dateutil-2.8.2.tar.gz"
            }
          ],
          "project_name": "python-dateutil",
          "requires_dists": [
            "six>=1.5"
          ],
          "requires_python": "!=3.0.*,!=3.1.*,!=3.2.*,>=2.7",
          "version": "2.8.2"
        },
        {
          "artifacts": [
            {
              "algorithm": "sha256",
              "hash": "a151b3abb88eda1d4e34a9814df37de2a80e301e68ba0fd856fb9b46bfbbbffb",
              "url": "https://files.pythonhosted.org/packages/7f/99/ad6bd37e748257dd70d6f85d916cafe79c0b0f5e2e95b11f7fbc82bf3110/pytz-2023.3-py2.py3-none-any.whl"
            },
            {
              "algorithm": "sha256",
              "hash": "1d8ce29db189191fb55338ee6d0387d82ab59f3d00eac103412d64e0ebd0c588",
              "url": "https://files.pythonhosted.org/packages/5e/32/12032aa8c673ee16707a9b6cdda2b09c0089131f35af55d443b6a9c69c1d/pytz-2023.3.tar.gz"
            }
          ],
          "project_name": "pytz",
          "requires_dists": [],
          "requires_python": null,
          "version": "2023.3"
        },
        {
          "artifacts": [
            {
              "algorithm": "sha256",
              "hash": "8abb2f1d86890a2dfb989f9a77cfcfd3e47c2a354b01111771326f8aa26e0254",
              "url": "https://files.pythonhosted.org/packages/d9/5a/e7c31adbe875f2abbb91bd84cf2dc52d792b5a01506781dbcf25c91daf11/six-1.16.0-py2.py3-none-any.whl"
            },
            {
              "algorithm": "sha256",
              "hash": "1e61c37477a1626458e36f7b1d82aa5c9b094fa4802892072e49de9c60c4c926",
              "url": "https://files.pythonhosted.org/packages/71/39/171f1c67cd00715f190ba0b100d606d440a28c93c7714febeca8b79af85e/six-1.16.0.tar.gz"
            }
          ],
          "project_name": "six",
          "requires_dists": [],
          "requires_python": "!=3.0.*,!=3.1.*,!=3.2.*,>=2.7",
          "version": "1.16.0"
        }
      ],
      "platform_tag": null
    }
  ],
  "path_mappings": {},
  "pex_version": "2.1.111",
  "pip_version": "20.3.4-patched",
  "prefer_older_binary": false,
  "requirements": [
    "pandas<1.5"
  ],
  "requires_python": [
    ">=3.9.*"
  ],
  "resolver_version": "pip-2020-resolver",
  "style": "universal",
  "target_systems": [
    "linux",
    "mac"
  ],
  "transitive": true,
  "use_pep517": null
}
